
Microsoft Visual Studio Solution File, Format Version 12.00
# Visual Studio Version 17
VisualStudioVersion = 17.8.34408.163
MinimumVisualStudioVersion = 10.0.40219.1
Project("{FAE04EC0-301F-11D3-BF4B-00C04F79EFBC}") = "positivo, negativo, par o inpar", "positivo, negativo, par o inpar\positivo, negativo, par o inpar.csproj", "{28E7EEFC-0EC4-441C-8931-87ACC4C41C41}"
EndProject
Global
	GlobalSection(SolutionConfigurationPlatforms) = preSolution
		Debug|Any CPU = Debug|Any CPU
		Release|Any CPU = Release|Any CPU
	EndGlobalSection
	GlobalSection(ProjectConfigurationPlatforms) = postSolution
		{28E7EEFC-0EC4-441C-8931-87ACC4C41C41}.Debug|Any CPU.ActiveCfg = Debug|Any CPU
		{28E7EEFC-0EC4-441C-8931-87ACC4C41C41}.Debug|Any CPU.Build.0 = Debug|Any CPU
		{28E7EEFC-0EC4-441C-8931-87ACC4C41C41}.Release|Any CPU.ActiveCfg = Release|Any CPU
		{28E7EEFC-0EC4-441C-8931-87ACC4C41C41}.Release|Any CPU.Build.0 = Release|Any CPU
	EndGlobalSection
	GlobalSection(SolutionProperties) = preSolution
		HideSolutionNode = FALSE
	EndGlobalSection
	GlobalSection(ExtensibilityGlobals) = postSolution
		SolutionGuid = {068B6952-5A50-4BAD-A413-E8BCF1E0C4CE}
	EndGlobalSection
EndGlobal
